
Microsoft Visual Studio Solution File, Format Version 12.00
# Visual Studio Version 16
VisualStudioVersion = 16.0.31025.194
MinimumVisualStudioVersion = 10.0.40219.1
Project("{FAE04EC0-301F-11D3-BF4B-00C04F79EFBC}") = "Court_Cases_Management_ManavPreet", "Court_Cases_Management_ManavPreet\Court_Cases_Management_ManavPreet.csproj", "{1B60BFF6-C3CC-4397-89C0-00EB22D979C9}"
EndProject
Global
	GlobalSection(SolutionConfigurationPlatforms) = preSolution
		Debug|Any CPU = Debug|Any CPU
		Release|Any CPU = Release|Any CPU
	EndGlobalSection
	GlobalSection(ProjectConfigurationPlatforms) = postSolution
		{1B60BFF6-C3CC-4397-89C0-00EB22D979C9}.Debug|Any CPU.ActiveCfg = Debug|Any CPU
		{1B60BFF6-C3CC-4397-89C0-00EB22D979C9}.Debug|Any CPU.Build.0 = Debug|Any CPU
		{1B60BFF6-C3CC-4397-89C0-00EB22D979C9}.Release|Any CPU.ActiveCfg = Release|Any CPU
		{1B60BFF6-C3CC-4397-89C0-00EB22D979C9}.Release|Any CPU.Build.0 = Release|Any CPU
	EndGlobalSection
	GlobalSection(SolutionProperties) = preSolution
		HideSolutionNode = FALSE
	EndGlobalSection
	GlobalSection(ExtensibilityGlobals) = postSolution
		SolutionGuid = {CD75D5E1-F65F-4D05-B5A8-248A2CBA914D}
	EndGlobalSection
EndGlobal
